
Microsoft Visual Studio Solution File, Format Version 12.00
# Visual Studio Version 17
VisualStudioVersion = 17.3.32929.385
MinimumVisualStudioVersion = 10.0.40219.1
Project("{9A19103F-16F7-4668-BE54-9A1E7A4F7556}") = "Api", "Api\Api.csproj", "{EB266CFA-4345-4FED-9729-F6306DA0374B}"
EndProject
Project("{9A19103F-16F7-4668-BE54-9A1E7A4F7556}") = "Logic", "Logic\Logic.csproj", "{FD57CAD6-50EA-4072-B1A9-8B5332303BF0}"
EndProject
Project("{9A19103F-16F7-4668-BE54-9A1E7A4F7556}") = "Data", "Data\Data.csproj", "{777F079E-9793-4F1C-B08D-95054B70A519}"
EndProject
Project("{9A19103F-16F7-4668-BE54-9A1E7A4F7556}") = "AppLogic.Tests", "AppLogic.Tests\AppLogic.Tests.csproj", "{BC5D1EF5-C76C-4986-8336-BACE66CCAF02}"
EndProject
Project("{FAE04EC0-301F-11D3-BF4B-00C04F79EFBC}") = "Patterns", "Patterns\Patterns.csproj", "{DD404ECE-5FEF-4195-B4A2-DA5EA1777DA9}"
EndProject
Project("{2150E333-8FDC-42A3-9474-1A3956D46DE8}") = "Learning", "Learning", "{752B3F97-6187-4365-8E24-24768B67544C}"
EndProject
Project("{2150E333-8FDC-42A3-9474-1A3956D46DE8}") = "WebApi", "WebApi", "{250106D5-16C1-4084-8F6C-2A97AB2BE8F8}"
EndProject
Global
	GlobalSection(SolutionConfigurationPlatforms) = preSolution
		Debug|Any CPU = Debug|Any CPU
		Release|Any CPU = Release|Any CPU
	EndGlobalSection
	GlobalSection(ProjectConfigurationPlatforms) = postSolution
		{EB266CFA-4345-4FED-9729-F6306DA0374B}.Debug|Any CPU.ActiveCfg = Debug|Any CPU
		{EB266CFA-4345-4FED-9729-F6306DA0374B}.Debug|Any CPU.Build.0 = Debug|Any CPU
		{EB266CFA-4345-4FED-9729-F6306DA0374B}.Release|Any CPU.ActiveCfg = Release|Any CPU
		{EB266CFA-4345-4FED-9729-F6306DA0374B}.Release|Any CPU.Build.0 = Release|Any CPU
		{FD57CAD6-50EA-4072-B1A9-8B5332303BF0}.Debug|Any CPU.ActiveCfg = Debug|Any CPU
		{FD57CAD6-50EA-4072-B1A9-8B5332303BF0}.Debug|Any CPU.Build.0 = Debug|Any CPU
		{FD57CAD6-50EA-4072-B1A9-8B5332303BF0}.Release|Any CPU.ActiveCfg = Release|Any CPU
		{FD57CAD6-50EA-4072-B1A9-8B5332303BF0}.Release|Any CPU.Build.0 = Release|Any CPU
		{777F079E-9793-4F1C-B08D-95054B70A519}.Debug|Any CPU.ActiveCfg = Debug|Any CPU
		{777F079E-9793-4F1C-B08D-95054B70A519}.Debug|Any CPU.Build.0 = Debug|Any CPU
		{777F079E-9793-4F1C-B08D-95054B70A519}.Release|Any CPU.ActiveCfg = Release|Any CPU
		{777F079E-9793-4F1C-B08D-95054B70A519}.Release|Any CPU.Build.0 = Release|Any CPU
		{BC5D1EF5-C76C-4986-8336-BACE66CCAF02}.Debug|Any CPU.ActiveCfg = Debug|Any CPU
		{BC5D1EF5-C76C-4986-8336-BACE66CCAF02}.Debug|Any CPU.Build.0 = Debug|Any CPU
		{BC5D1EF5-C76C-4986-8336-BACE66CCAF02}.Release|Any CPU.ActiveCfg = Release|Any CPU
		{BC5D1EF5-C76C-4986-8336-BACE66CCAF02}.Release|Any CPU.Build.0 = Release|Any CPU
		{DD404ECE-5FEF-4195-B4A2-DA5EA1777DA9}.Debug|Any CPU.ActiveCfg = Debug|Any CPU
		{DD404ECE-5FEF-4195-B4A2-DA5EA1777DA9}.Debug|Any CPU.Build.0 = Debug|Any CPU
		{DD404ECE-5FEF-4195-B4A2-DA5EA1777DA9}.Release|Any CPU.ActiveCfg = Release|Any CPU
		{DD404ECE-5FEF-4195-B4A2-DA5EA1777DA9}.Release|Any CPU.Build.0 = Release|Any CPU
	EndGlobalSection
	GlobalSection(SolutionProperties) = preSolution
		HideSolutionNode = FALSE
	EndGlobalSection
	GlobalSection(NestedProjects) = preSolution
		{EB266CFA-4345-4FED-9729-F6306DA0374B} = {250106D5-16C1-4084-8F6C-2A97AB2BE8F8}
		{FD57CAD6-50EA-4072-B1A9-8B5332303BF0} = {250106D5-16C1-4084-8F6C-2A97AB2BE8F8}
		{777F079E-9793-4F1C-B08D-95054B70A519} = {250106D5-16C1-4084-8F6C-2A97AB2BE8F8}
		{BC5D1EF5-C76C-4986-8336-BACE66CCAF02} = {250106D5-16C1-4084-8F6C-2A97AB2BE8F8}
		{DD404ECE-5FEF-4195-B4A2-DA5EA1777DA9} = {752B3F97-6187-4365-8E24-24768B67544C}
	EndGlobalSection
	GlobalSection(ExtensibilityGlobals) = postSolution
		SolutionGuid = {377FA278-04E6-44A5-A5D6-A21E3A9A5B37}
	EndGlobalSection
EndGlobal
